
Microsoft Visual Studio Solution File, Format Version 12.00
# Visual Studio Version 17
VisualStudioVersion = 17.5.002.0
MinimumVisualStudioVersion = 10.0.40219.1
Project("{9A19103F-16F7-4668-BE54-9A1E7A4F7556}") = "inventory-api", "inventory-api.csproj", "{D6DBAF84-39AB-48F0-B5EE-4AB42636660B}"
EndProject
Global
	GlobalSection(SolutionConfigurationPlatforms) = preSolution
		Debug|Any CPU = Debug|Any CPU
		Release|Any CPU = Release|Any CPU
	EndGlobalSection
	GlobalSection(ProjectConfigurationPlatforms) = postSolution
		{D6DBAF84-39AB-48F0-B5EE-4AB42636660B}.Debug|Any CPU.ActiveCfg = Debug|Any CPU
		{D6DBAF84-39AB-48F0-B5EE-4AB42636660B}.Debug|Any CPU.Build.0 = Debug|Any CPU
		{D6DBAF84-39AB-48F0-B5EE-4AB42636660B}.Release|Any CPU.ActiveCfg = Release|Any CPU
		{D6DBAF84-39AB-48F0-B5EE-4AB42636660B}.Release|Any CPU.Build.0 = Release|Any CPU
	EndGlobalSection
	GlobalSection(SolutionProperties) = preSolution
		HideSolutionNode = FALSE
	EndGlobalSection
	GlobalSection(ExtensibilityGlobals) = postSolution
		SolutionGuid = {EA52ED27-B159-406C-8E29-22945F5DBC97}
	EndGlobalSection
EndGlobal
